
Microsoft Visual Studio Solution File, Format Version 12.00
# Visual Studio Version 16
VisualStudioVersion = 16.0.30907.101
MinimumVisualStudioVersion = 10.0.40219.1
Project("{9A19103F-16F7-4668-BE54-9A1E7A4F7556}") = "SummerveldHoundResort.WebAPI", "SummerveldHoundResort.WebAPI\SummerveldHoundResort.WebAPI.csproj", "{915AC99D-E1EA-4C0D-9D6C-CF7D00C1547F}"
EndProject
Project("{FAE04EC0-301F-11D3-BF4B-00C04F79EFBC}") = "SummerveldHoundResort.Infrastructure", "SummerveldHoundResort.Infrastructure\SummerveldHoundResort.Infrastructure.csproj", "{77F20129-B31E-4919-A00D-018CB845DBD2}"
EndProject
Project("{FAE04EC0-301F-11D3-BF4B-00C04F79EFBC}") = "SummerveldHoundResort.Domain", "SummerveldHoundResort.Domain\SummerveldHoundResort.Domain.csproj", "{871F3ADD-C4BB-470F-80F7-5EBE6179266F}"
EndProject
Project("{FAE04EC0-301F-11D3-BF4B-00C04F79EFBC}") = "SummerveldHoundResort.Application", "SummerveldHoundResort.Application\SummerveldHoundResort.Application.csproj", "{A5D6CA18-A114-499C-91FA-63715BF5D754}"
EndProject
Project("{2150E333-8FDC-42A3-9474-1A3956D46DE8}") = "Solution Items", "Solution Items", "{ABF769B9-0F85-4326-B3B5-A75186F15829}"
	ProjectSection(SolutionItems) = preProject
		README.md = README.md
	EndProjectSection
EndProject
Global
	GlobalSection(SolutionConfigurationPlatforms) = preSolution
		Debug|Any CPU = Debug|Any CPU
		Release|Any CPU = Release|Any CPU
	EndGlobalSection
	GlobalSection(ProjectConfigurationPlatforms) = postSolution
		{915AC99D-E1EA-4C0D-9D6C-CF7D00C1547F}.Debug|Any CPU.ActiveCfg = Debug|Any CPU
		{915AC99D-E1EA-4C0D-9D6C-CF7D00C1547F}.Debug|Any CPU.Build.0 = Debug|Any CPU
		{915AC99D-E1EA-4C0D-9D6C-CF7D00C1547F}.Release|Any CPU.ActiveCfg = Release|Any CPU
		{915AC99D-E1EA-4C0D-9D6C-CF7D00C1547F}.Release|Any CPU.Build.0 = Release|Any CPU
		{77F20129-B31E-4919-A00D-018CB845DBD2}.Debug|Any CPU.ActiveCfg = Debug|Any CPU
		{77F20129-B31E-4919-A00D-018CB845DBD2}.Debug|Any CPU.Build.0 = Debug|Any CPU
		{77F20129-B31E-4919-A00D-018CB845DBD2}.Release|Any CPU.ActiveCfg = Release|Any CPU
		{77F20129-B31E-4919-A00D-018CB845DBD2}.Release|Any CPU.Build.0 = Release|Any CPU
		{871F3ADD-C4BB-470F-80F7-5EBE6179266F}.Debug|Any CPU.ActiveCfg = Debug|Any CPU
		{871F3ADD-C4BB-470F-80F7-5EBE6179266F}.Debug|Any CPU.Build.0 = Debug|Any CPU
		{871F3ADD-C4BB-470F-80F7-5EBE6179266F}.Release|Any CPU.ActiveCfg = Release|Any CPU
		{871F3ADD-C4BB-470F-80F7-5EBE6179266F}.Release|Any CPU.Build.0 = Release|Any CPU
		{A5D6CA18-A114-499C-91FA-63715BF5D754}.Debug|Any CPU.ActiveCfg = Debug|Any CPU
		{A5D6CA18-A114-499C-91FA-63715BF5D754}.Debug|Any CPU.Build.0 = Debug|Any CPU
		{A5D6CA18-A114-499C-91FA-63715BF5D754}.Release|Any CPU.ActiveCfg = Release|Any CPU
		{A5D6CA18-A114-499C-91FA-63715BF5D754}.Release|Any CPU.Build.0 = Release|Any CPU
	EndGlobalSection
	GlobalSection(SolutionProperties) = preSolution
		HideSolutionNode = FALSE
	EndGlobalSection
	GlobalSection(ExtensibilityGlobals) = postSolution
		SolutionGuid = {F8D89405-FD9C-4DCB-9907-F68D214712FA}
	EndGlobalSection
EndGlobal
